
Microsoft Visual Studio Solution File, Format Version 12.00
# Visual Studio Version 16
VisualStudioVersion = 16.0.29418.71
MinimumVisualStudioVersion = 10.0.40219.1
Project("{FAE04EC0-301F-11D3-BF4B-00C04F79EFBC}") = "WindowsFormsApp1", "WindowsFormsApp1.csproj", "{804E2DD3-370B-4A7E-AD01-AF7F533DDD5E}"
EndProject
Global
	GlobalSection(SolutionConfigurationPlatforms) = preSolution
		Debug|Any CPU = Debug|Any CPU
		Release|Any CPU = Release|Any CPU
	EndGlobalSection
	GlobalSection(ProjectConfigurationPlatforms) = postSolution
		{804E2DD3-370B-4A7E-AD01-AF7F533DDD5E}.Debug|Any CPU.ActiveCfg = Debug|Any CPU
		{804E2DD3-370B-4A7E-AD01-AF7F533DDD5E}.Debug|Any CPU.Build.0 = Debug|Any CPU
		{804E2DD3-370B-4A7E-AD01-AF7F533DDD5E}.Release|Any CPU.ActiveCfg = Release|Any CPU
		{804E2DD3-370B-4A7E-AD01-AF7F533DDD5E}.Release|Any CPU.Build.0 = Release|Any CPU
	EndGlobalSection
	GlobalSection(SolutionProperties) = preSolution
		HideSolutionNode = FALSE
	EndGlobalSection
	GlobalSection(ExtensibilityGlobals) = postSolution
		SolutionGuid = {5FAF2ADE-42DC-4C68-B5AA-E40A2BAA6183}
	EndGlobalSection
EndGlobal
